// !$*UTF8*$!
{
	archiveVersion = 1;
	classes = {
	};
	objectVersion = 46;
	objects = {

/* Begin PBXBuildFile section */
		B31A4DE91AA74153001D56B7 /* main.m in Sources */ = {isa = PBXBuildFile; fileRef = B31A4DE81AA74153001D56B7 /* main.m */; };
		B31A4DEC1AA74153001D56B7 /* AppDelegate.m in Sources */ = {isa = PBXBuildFile; fileRef = B31A4DEB1AA74153001D56B7 /* AppDelegate.m */; };
		B31A4DEF1AA74153001D56B7 /* ViewController.m in Sources */ = {isa = PBXBuildFile; fileRef = B31A4DEE1AA74153001D56B7 /* ViewController.m */; };
		B31A4DF21AA74153001D56B7 /* Main.storyboard in Resources */ = {isa = PBXBuildFile; fileRef = B31A4DF01AA74153001D56B7 /* Main.storyboard */; };
		B31A4DF41AA74153001D56B7 /* Images.xcassets in Resources */ = {isa = PBXBuildFile; fileRef = B31A4DF31AA74153001D56B7 /* Images.xcassets */; };
		B31A4DF71AA74153001D56B7 /* LaunchScreen.xib in Resources */ = {isa = PBXBuildFile; fileRef = B31A4DF51AA74153001D56B7 /* LaunchScreen.xib */; };
		B31A4E031AA74153001D56B7 /* SampleProjectTests.m in Sources */ = {isa = PBXBuildFile; fileRef = B31A4E021AA74153001D56B7 /* SampleProjectTests.m */; };
		B31A4E141AA747F6001D56B7 /* CustomCell.m in Sources */ = {isa = PBXBuildFile; fileRef = B31A4E121AA747F6001D56B7 /* CustomCell.m */; };
		B31A4E151AA747F6001D56B7 /* CustomCell.xib in Resources */ = {isa = PBXBuildFile; fileRef = B31A4E131AA747F6001D56B7 /* CustomCell.xib */; };
		B31A4E1A1AA74A23001D56B7 /* NSStringSampleViewController.m in Sources */ = {isa = PBXBuildFile; fileRef = B31A4E181AA74A23001D56B7 /* NSStringSampleViewController.m */; };
		B31A4E1B1AA74A23001D56B7 /* NSStringSampleViewController.xib in Resources */ = {isa = PBXBuildFile; fileRef = B31A4E191AA74A23001D56B7 /* NSStringSampleViewController.xib */; };
		B31A4E1F1AA74A4C001D56B7 /* NSArraySampleViewController.m in Sources */ = {isa = PBXBuildFile; fileRef = B31A4E1D1AA74A4C001D56B7 /* NSArraySampleViewController.m */; };
		B31A4E201AA74A4C001D56B7 /* NSArraySampleViewController.xib in Resources */ = {isa = PBXBuildFile; fileRef = B31A4E1E1AA74A4C001D56B7 /* NSArraySampleViewController.xib */; };
		B31A4E241AA74A76001D56B7 /* NSDictionSampleViewController.m in Sources */ = {isa = PBXBuildFile; fileRef = B31A4E221AA74A76001D56B7 /* NSDictionSampleViewController.m */; };
		B31A4E251AA74A76001D56B7 /* NSDictionSampleViewController.xib in Resources */ = {isa = PBXBuildFile; fileRef = B31A4E231AA74A76001D56B7 /* NSDictionSampleViewController.xib */; };
		B31A4E291AA74A83001D56B7 /* NSNumberSampleViewController.m in Sources */ = {isa = PBXBuildFile; fileRef = B31A4E271AA74A83001D56B7 /* NSNumberSampleViewController.m */; };
		B31A4E2A1AA74A83001D56B7 /* NSNumberSampleViewController.xib in Resources */ = {isa = PBXBuildFile; fileRef = B31A4E281AA74A83001D56B7 /* NSNumberSampleViewController.xib */; };
/* End PBXBuildFile section */

/* Begin PBXContainerItemProxy section */
		B31A4DFD1AA74153001D56B7 /* PBXContainerItemProxy */ = {
			isa = PBXContainerItemProxy;
			containerPortal = B31A4DDB1AA74153001D56B7 /* Project object */;
			proxyType = 1;
			remoteGlobalIDString = B31A4DE21AA74153001D56B7;
			remoteInfo = SampleProject;
		};
/* End PBXContainerItemProxy section */

/* Begin PBXFileReference section */
		B31A4DE31AA74153001D56B7 /* SampleProject.app */ = {isa = PBXFileReference; explicitFileType = wrapper.application; includeInIndex = 0; path = SampleProject.app; sourceTree = BUILT_PRODUCTS_DIR; };
		B31A4DE71AA74153001D56B7 /* Info.plist */ = {isa = PBXFileReference; lastKnownFileType = text.plist.xml; path = Info.plist; sourceTree = "<group>"; };
		B31A4DE81AA74153001D56B7 /* main.m */ = {isa = PBXFileReference; lastKnownFileType = sourcecode.c.objc; path = main.m; sourceTree = "<group>"; };
		B31A4DEA1AA74153001D56B7 /* AppDelegate.h */ = {isa = PBXFileReference; lastKnownFileType = sourcecode.c.h; path = AppDelegate.h; sourceTree = "<group>"; };
		B31A4DEB1AA74153001D56B7 /* AppDelegate.m */ = {isa = PBXFileReference; lastKnownFileType = sourcecode.c.objc; path = AppDelegate.m; sourceTree = "<group>"; };
		B31A4DED1AA74153001D56B7 /* ViewController.h */ = {isa = PBXFileReference; lastKnownFileType = sourcecode.c.h; path = ViewController.h; sourceTree = "<group>"; };
		B31A4DEE1AA74153001D56B7 /* ViewController.m */ = {isa = PBXFileReference; lastKnownFileType = sourcecode.c.objc; path = ViewController.m; sourceTree = "<group>"; };
		B31A4DF11AA74153001D56B7 /* Base */ = {isa = PBXFileReference; lastKnownFileType = file.storyboard; name = Base; path = Base.lproj/Main.storyboard; sourceTree = "<group>"; };
		B31A4DF31AA74153001D56B7 /* Images.xcassets */ = {isa = PBXFileReference; lastKnownFileType = folder.assetcatalog; path = Images.xcassets; sourceTree = "<group>"; };
		B31A4DF61AA74153001D56B7 /* Base */ = {isa = PBXFileReference; lastKnownFileType = file.xib; name = Base; path = Base.lproj/LaunchScreen.xib; sourceTree = "<group>"; };
		B31A4DFC1AA74153001D56B7 /* SampleProjectTests.xctest */ = {isa = PBXFileReference; explicitFileType = wrapper.cfbundle; includeInIndex = 0; path = SampleProjectTests.xctest; sourceTree = BUILT_PRODUCTS_DIR; };
		B31A4E011AA74153001D56B7 /* Info.plist */ = {isa = PBXFileReference; lastKnownFileType = text.plist.xml; path = Info.plist; sourceTree = "<group>"; };
		B31A4E021AA74153001D56B7 /* SampleProjectTests.m */ = {isa = PBXFileReference; lastKnownFileType = sourcecode.c.objc; path = SampleProjectTests.m; sourceTree = "<group>"; };
		B31A4E111AA747F6001D56B7 /* CustomCell.h */ = {isa = PBXFileReference; fileEncoding = 4; lastKnownFileType = sourcecode.c.h; path = CustomCell.h; sourceTree = "<group>"; };
		B31A4E121AA747F6001D56B7 /* CustomCell.m */ = {isa = PBXFileReference; fileEncoding = 4; lastKnownFileType = sourcecode.c.objc; path = CustomCell.m; sourceTree = "<group>"; };
		B31A4E131AA747F6001D56B7 /* CustomCell.xib */ = {isa = PBXFileReference; fileEncoding = 4; lastKnownFileType = file.xib; path = CustomCell.xib; sourceTree = "<group>"; };
		B31A4E171AA74A23001D56B7 /* NSStringSampleViewController.h */ = {isa = PBXFileReference; fileEncoding = 4; lastKnownFileType = sourcecode.c.h; path = NSStringSampleViewController.h; sourceTree = "<group>"; };
		B31A4E181AA74A23001D56B7 /* NSStringSampleViewController.m */ = {isa = PBXFileReference; fileEncoding = 4; lastKnownFileType = sourcecode.c.objc; path = NSStringSampleViewController.m; sourceTree = "<group>"; };
		B31A4E191AA74A23001D56B7 /* NSStringSampleViewController.xib */ = {isa = PBXFileReference; fileEncoding = 4; lastKnownFileType = file.xib; path = NSStringSampleViewController.xib; sourceTree = "<group>"; };
		B31A4E1C1AA74A4C001D56B7 /* NSArraySampleViewController.h */ = {isa = PBXFileReference; fileEncoding = 4; lastKnownFileType = sourcecode.c.h; path = NSArraySampleViewController.h; sourceTree = "<group>"; };
		B31A4E1D1AA74A4C001D56B7 /* NSArraySampleViewController.m */ = {isa = PBXFileReference; fileEncoding = 4; lastKnownFileType = sourcecode.c.objc; path = NSArraySampleViewController.m; sourceTree = "<group>"; };
		B31A4E1E1AA74A4C001D56B7 /* NSArraySampleViewController.xib */ = {isa = PBXFileReference; fileEncoding = 4; lastKnownFileType = file.xib; path = NSArraySampleViewController.xib; sourceTree = "<group>"; };
		B31A4E211AA74A76001D56B7 /* NSDictionSampleViewController.h */ = {isa = PBXFileReference; fileEncoding = 4; lastKnownFileType = sourcecode.c.h; path = NSDictionSampleViewController.h; sourceTree = "<group>"; };
		B31A4E221AA74A76001D56B7 /* NSDictionSampleViewController.m */ = {isa = PBXFileReference; fileEncoding = 4; lastKnownFileType = sourcecode.c.objc; path = NSDictionSampleViewController.m; sourceTree = "<group>"; };
		B31A4E231AA74A76001D56B7 /* NSDictionSampleViewController.xib */ = {isa = PBXFileReference; fileEncoding = 4; lastKnownFileType = file.xib; path = NSDictionSampleViewController.xib; sourceTree = "<group>"; };
		B31A4E261AA74A83001D56B7 /* NSNumberSampleViewController.h */ = {isa = PBXFileReference; fileEncoding = 4; lastKnownFileType = sourcecode.c.h; path = NSNumberSampleViewController.h; sourceTree = "<group>"; };
		B31A4E271AA74A83001D56B7 /* NSNumberSampleViewController.m */ = {isa = PBXFileReference; fileEncoding = 4; lastKnownFileType = sourcecode.c.objc; path = NSNumberSampleViewController.m; sourceTree = "<group>"; };
		B31A4E281AA74A83001D56B7 /* NSNumberSampleViewController.xib */ = {isa = PBXFileReference; fileEncoding = 4; lastKnownFileType = file.xib; path = NSNumberSampleViewController.xib; sourceTree = "<group>"; };
/* End PBXFileReference section */

/* Begin PBXFrameworksBuildPhase section */
		B31A4DE01AA74153001D56B7 /* Frameworks */ = {
			isa = PBXFrameworksBuildPhase;
			buildActionMask = 2147483647;
			files = (
			);
			runOnlyForDeploymentPostprocessing = 0;
		};
		B31A4DF91AA74153001D56B7 /* Frameworks */ = {
			isa = PBXFrameworksBuildPhase;
			buildActionMask = 2147483647;
			files = (
			);
			runOnlyForDeploymentPostprocessing = 0;
		};
/* End PBXFrameworksBuildPhase section */

/* Begin PBXGroup section */
		B31A4DDA1AA74153001D56B7 = {
			isa = PBXGroup;
			children = (
				B31A4DE51AA74153001D56B7 /* SampleProject */,
				B31A4DFF1AA74153001D56B7 /* SampleProjectTests */,
				B31A4DE41AA74153001D56B7 /* Products */,
			);
			sourceTree = "<group>";
		};
		B31A4DE41AA74153001D56B7 /* Products */ = {
			isa = PBXGroup;
			children = (
				B31A4DE31AA74153001D56B7 /* SampleProject.app */,
				B31A4DFC1AA74153001D56B7 /* SampleProjectTests.xctest */,
			);
			name = Products;
			sourceTree = "<group>";
		};
		B31A4DE51AA74153001D56B7 /* SampleProject */ = {
			isa = PBXGroup;
			children = (
				B31A4E161AA749DF001D56B7 /* View Controller */,
				B31A4E111AA747F6001D56B7 /* CustomCell.h */,
				B31A4E121AA747F6001D56B7 /* CustomCell.m */,
				B31A4E131AA747F6001D56B7 /* CustomCell.xib */,
				B31A4DEA1AA74153001D56B7 /* AppDelegate.h */,
				B31A4DEB1AA74153001D56B7 /* AppDelegate.m */,
				B31A4DED1AA74153001D56B7 /* ViewController.h */,
				B31A4DEE1AA74153001D56B7 /* ViewController.m */,
				B31A4DF01AA74153001D56B7 /* Main.storyboard */,
				B31A4DF31AA74153001D56B7 /* Images.xcassets */,
				B31A4DF51AA74153001D56B7 /* LaunchScreen.xib */,
				B31A4DE61AA74153001D56B7 /* Supporting Files */,
			);
			path = SampleProject;
			sourceTree = "<group>";
		};
		B31A4DE61AA74153001D56B7 /* Supporting Files */ = {
			isa = PBXGroup;
			children = (
				B31A4DE71AA74153001D56B7 /* Info.plist */,
				B31A4DE81AA74153001D56B7 /* main.m */,
			);
			name = "Supporting Files";
			sourceTree = "<group>";
		};
		B31A4DFF1AA74153001D56B7 /* SampleProjectTests */ = {
			isa = PBXGroup;
			children = (
				B31A4E021AA74153001D56B7 /* SampleProjectTests.m */,
				B31A4E001AA74153001D56B7 /* Supporting Files */,
			);
			path = SampleProjectTests;
			sourceTree = "<group>";
		};
		B31A4E001AA74153001D56B7 /* Supporting Files */ = {
			isa = PBXGroup;
			children = (
				B31A4E011AA74153001D56B7 /* Info.plist */,
			);
			name = "Supporting Files";
			sourceTree = "<group>";
		};
		B31A4E161AA749DF001D56B7 /* View Controller */ = {
			isa = PBXGroup;
			children = (
				B31A4E171AA74A23001D56B7 /* NSStringSampleViewController.h */,
				B31A4E181AA74A23001D56B7 /* NSStringSampleViewController.m */,
				B31A4E191AA74A23001D56B7 /* NSStringSampleViewController.xib */,
				B31A4E1C1AA74A4C001D56B7 /* NSArraySampleViewController.h */,
				B31A4E1D1AA74A4C001D56B7 /* NSArraySampleViewController.m */,
				B31A4E1E1AA74A4C001D56B7 /* NSArraySampleViewController.xib */,
				B31A4E211AA74A76001D56B7 /* NSDictionSampleViewController.h */,
				B31A4E221AA74A76001D56B7 /* NSDictionSampleViewController.m */,
				B31A4E231AA74A76001D56B7 /* NSDictionSampleViewController.xib */,
				B31A4E261AA74A83001D56B7 /* NSNumberSampleViewController.h */,
				B31A4E271AA74A83001D56B7 /* NSNumberSampleViewController.m */,
				B31A4E281AA74A83001D56B7 /* NSNumberSampleViewController.xib */,
			);
			name = "View Controller";
			sourceTree = "<group>";
		};
/* End PBXGroup section */

/* Begin PBXNativeTarget section */
		B31A4DE21AA74153001D56B7 /* SampleProject */ = {
			isa = PBXNativeTarget;
			buildConfigurationList = B31A4E061AA74153001D56B7 /* Build configuration list for PBXNativeTarget "SampleProject" */;
			buildPhases = (
				B31A4DDF1AA74153001D56B7 /* Sources */,
				B31A4DE01AA74153001D56B7 /* Frameworks */,
				B31A4DE11AA74153001D56B7 /* Resources */,
			);
			buildRules = (
			);
			dependencies = (
			);
			name = SampleProject;
			productName = SampleProject;
			productReference = B31A4DE31AA74153001D56B7 /* SampleProject.app */;
			productType = "com.apple.product-type.application";
		};
		B31A4DFB1AA74153001D56B7 /* SampleProjectTests */ = {
			isa = PBXNativeTarget;
			buildConfigurationList = B31A4E091AA74153001D56B7 /* Build configuration list for PBXNativeTarget "SampleProjectTests" */;
			buildPhases = (
				B31A4DF81AA74153001D56B7 /* Sources */,
				B31A4DF91AA74153001D56B7 /* Frameworks */,
				B31A4DFA1AA74153001D56B7 /* Resources */,
			);
			buildRules = (
			);
			dependencies = (
				B31A4DFE1AA74153001D56B7 /* PBXTargetDependency */,
			);
			name = SampleProjectTests;
			productName = SampleProjectTests;
			productReference = B31A4DFC1AA74153001D56B7 /* SampleProjectTests.xctest */;
			productType = "com.apple.product-type.bundle.unit-test";
		};
/* End PBXNativeTarget section */

/* Begin PBXProject section */
		B31A4DDB1AA74153001D56B7 /* Project object */ = {
			isa = PBXProject;
			attributes = {
				LastUpgradeCheck = 0610;
				ORGANIZATIONNAME = "Perfectidea Inc.";
				TargetAttributes = {
					B31A4DE21AA74153001D56B7 = {
						CreatedOnToolsVersion = 6.1;
					};
					B31A4DFB1AA74153001D56B7 = {
						CreatedOnToolsVersion = 6.1;
						TestTargetID = B31A4DE21AA74153001D56B7;
					};
				};
			};
			buildConfigurationList = B31A4DDE1AA74153001D56B7 /* Build configuration list for PBXProject "SampleProject" */;
			compatibilityVersion = "Xcode 3.2";
			developmentRegion = English;
			hasScannedForEncodings = 0;
			knownRegions = (
				en,
				Base,
			);
			mainGroup = B31A4DDA1AA74153001D56B7;
			productRefGroup = B31A4DE41AA74153001D56B7 /* Products */;
			projectDirPath = "";
			projectRoot = "";
			targets = (
				B31A4DE21AA74153001D56B7 /* SampleProject */,
				B31A4DFB1AA74153001D56B7 /* SampleProjectTests */,
			);
		};
/* End PBXProject section */

/* Begin PBXResourcesBuildPhase section */
		B31A4DE11AA74153001D56B7 /* Resources */ = {
			isa = PBXResourcesBuildPhase;
			buildActionMask = 2147483647;
			files = (
				B31A4E2A1AA74A83001D56B7 /* NSNumberSampleViewController.xib in Resources */,
				B31A4E251AA74A76001D56B7 /* NSDictionSampleViewController.xib in Resources */,
				B31A4DF21AA74153001D56B7 /* Main.storyboard in Resources */,
				B31A4E1B1AA74A23001D56B7 /* NSStringSampleViewController.xib in Resources */,
				B31A4DF71AA74153001D56B7 /* LaunchScreen.xib in Resources */,
				B31A4E201AA74A4C001D56B7 /* NSArraySampleViewController.xib in Resources */,
				B31A4E151AA747F6001D56B7 /* CustomCell.xib in Resources */,
				B31A4DF41AA74153001D56B7 /* Images.xcassets in Resources */,
			);
			runOnlyForDeploymentPostprocessing = 0;
		};
		B31A4DFA1AA74153001D56B7 /* Resources */ = {
			isa = PBXResourcesBuildPhase;
			buildActionMask = 2147483647;
			files = (
			);
			runOnlyForDeploymentPostprocessing = 0;
		};
/* End PBXResourcesBuildPhase section */

/* Begin PBXSourcesBuildPhase section */
		B31A4DDF1AA74153001D56B7 /* Sources */ = {
			isa = PBXSourcesBuildPhase;
			buildActionMask = 2147483647;
			files = (
				B31A4DEF1AA74153001D56B7 /* ViewController.m in Sources */,
				B31A4E1F1AA74A4C001D56B7 /* NSArraySampleViewController.m in Sources */,
				B31A4DEC1AA74153001D56B7 /* AppDelegate.m in Sources */,
				B31A4E141AA747F6001D56B7 /* CustomCell.m in Sources */,
				B31A4E291AA74A83001D56B7 /* NSNumberSampleViewController.m in Sources */,
				B31A4E1A1AA74A23001D56B7 /* NSStringSampleViewController.m in Sources */,
				B31A4E241AA74A76001D56B7 /* NSDictionSampleViewController.m in Sources */,
				B31A4DE91AA74153001D56B7 /* main.m in Sources */,
			);
			runOnlyForDeploymentPostprocessing = 0;
		};
		B31A4DF81AA74153001D56B7 /* Sources */ = {
			isa = PBXSourcesBuildPhase;
			buildActionMask = 2147483647;
			files = (
				B31A4E031AA74153001D56B7 /* SampleProjectTests.m in Sources */,
			);
			runOnlyForDeploymentPostprocessing = 0;
		};
/* End PBXSourcesBuildPhase section */

/* Begin PBXTargetDependency section */
		B31A4DFE1AA74153001D56B7 /* PBXTargetDependency */ = {
			isa = PBXTargetDependency;
			target = B31A4DE21AA74153001D56B7 /* SampleProject */;
			targetProxy = B31A4DFD1AA74153001D56B7 /* PBXContainerItemProxy */;
		};
/* End PBXTargetDependency section */

/* Begin PBXVariantGroup section */
		B31A4DF01AA74153001D56B7 /* Main.storyboard */ = {
			isa = PBXVariantGroup;
			children = (
				B31A4DF11AA74153001D56B7 /* Base */,
			);
			name = Main.storyboard;
			sourceTree = "<group>";
		};
		B31A4DF51AA74153001D56B7 /* LaunchScreen.xib */ = {
			isa = PBXVariantGroup;
			children = (
				B31A4DF61AA74153001D56B7 /* Base */,
			);
			name = LaunchScreen.xib;
			sourceTree = "<group>";
		};
/* End PBXVariantGroup section */

/* Begin XCBuildConfiguration section */
		B31A4E041AA74153001D56B7 /* Debug */ = {
			isa = XCBuildConfiguration;
			buildSettings = {
				ALWAYS_SEARCH_USER_PATHS = NO;
				CLANG_CXX_LANGUAGE_STANDARD = "gnu++0x";
				CLANG_CXX_LIBRARY = "libc++";
				CLANG_ENABLE_MODULES = YES;
				CLANG_ENABLE_OBJC_ARC = YES;
				CLANG_WARN_BOOL_CONVERSION = YES;
				CLANG_WARN_CONSTANT_CONVERSION = YES;
				CLANG_WARN_DIRECT_OBJC_ISA_USAGE = YES_ERROR;
				CLANG_WARN_EMPTY_BODY = YES;
				CLANG_WARN_ENUM_CONVERSION = YES;
				CLANG_WARN_INT_CONVERSION = YES;
				CLANG_WARN_OBJC_ROOT_CLASS = YES_ERROR;
				CLANG_WARN_UNREACHABLE_CODE = YES;
				CLANG_WARN__DUPLICATE_METHOD_MATCH = YES;
				"CODE_SIGN_IDENTITY[sdk=iphoneos*]" = "iPhone Developer";
				COPY_PHASE_STRIP = NO;
				ENABLE_STRICT_OBJC_MSGSEND = YES;
				GCC_C_LANGUAGE_STANDARD = gnu99;
				GCC_DYNAMIC_NO_PIC = NO;
				GCC_OPTIMIZATION_LEVEL = 0;
				GCC_PREPROCESSOR_DEFINITIONS = (
					"DEBUG=1",
					"$(inherited)",
				);
				GCC_SYMBOLS_PRIVATE_EXTERN = NO;
				GCC_WARN_64_TO_32_BIT_CONVERSION = YES;
				GCC_WARN_ABOUT_RETURN_TYPE = YES_ERROR;
				GCC_WARN_UNDECLARED_SELECTOR = YES;
				GCC_WARN_UNINITIALIZED_AUTOS = YES_AGGRESSIVE;
				GCC_WARN_UNUSED_FUNCTION = YES;
				GCC_WARN_UNUSED_VARIABLE = YES;
				IPHONEOS_DEPLOYMENT_TARGET = 8.1;
				MTL_ENABLE_DEBUG_INFO = YES;
				ONLY_ACTIVE_ARCH = YES;
				SDKROOT = iphoneos;
			};
			name = Debug;
		};
		B31A4E051AA74153001D56B7 /* Release */ = {
			isa = XCBuildConfiguration;
			buildSettings = {
				ALWAYS_SEARCH_USER_PATHS = NO;
				CLANG_CXX_LANGUAGE_STANDARD = "gnu++0x";
				CLANG_CXX_LIBRARY = "libc++";
				CLANG_ENABLE_MODULES = YES;
				CLANG_ENABLE_OBJC_ARC = YES;
				CLANG_WARN_BOOL_CONVERSION = YES;
				CLANG_WARN_CONSTANT_CONVERSION = YES;
				CLANG_WARN_DIRECT_OBJC_ISA_USAGE = YES_ERROR;
				CLANG_WARN_EMPTY_BODY = YES;
				CLANG_WARN_ENUM_CONVERSION = YES;
				CLANG_WARN_INT_CONVERSION = YES;
				CLANG_WARN_OBJC_ROOT_CLASS = YES_ERROR;
				CLANG_WARN_UNREACHABLE_CODE = YES;
				CLANG_WARN__DUPLICATE_METHOD_MATCH = YES;
				"CODE_SIGN_IDENTITY[sdk=iphoneos*]" = "iPhone Developer";
				COPY_PHASE_STRIP = YES;
				ENABLE_NS_ASSERTIONS = NO;
				ENABLE_STRICT_OBJC_MSGSEND = YES;
				GCC_C_LANGUAGE_STANDARD = gnu99;
				GCC_WARN_64_TO_32_BIT_CONVERSION = YES;
				GCC_WARN_ABOUT_RETURN_TYPE = YES_ERROR;
				GCC_WARN_UNDECLARED_SELECTOR = YES;
				GCC_WARN_UNINITIALIZED_AUTOS = YES_AGGRESSIVE;
				GCC_WARN_UNUSED_FUNCTION = YES;
				GCC_WARN_UNUSED_VARIABLE = YES;
				IPHONEOS_DEPLOYMENT_TARGET = 8.1;
				MTL_ENABLE_DEBUG_INFO = NO;
				SDKROOT = iphoneos;
				VALIDATE_PRODUCT = YES;
			};
			name = Release;
		};
		B31A4E071AA74153001D56B7 /* Debug */ = {
			isa = XCBuildConfiguration;
			buildSettings = {
				ASSETCATALOG_COMPILER_APPICON_NAME = AppIcon;
				INFOPLIST_FILE = SampleProject/Info.plist;
				LD_RUNPATH_SEARCH_PATHS = "$(inherited) @executable_path/Frameworks";
				PRODUCT_NAME = "$(TARGET_NAME)";
			};
			name = Debug;
		};
		B31A4E081AA74153001D56B7 /* Release */ = {
			isa = XCBuildConfiguration;
			buildSettings = {
				ASSETCATALOG_COMPILER_APPICON_NAME = AppIcon;
				INFOPLIST_FILE = SampleProject/Info.plist;
				LD_RUNPATH_SEARCH_PATHS = "$(inherited) @executable_path/Frameworks";
				PRODUCT_NAME = "$(TARGET_NAME)";
			};
			name = Release;
		};
		B31A4E0A1AA74153001D56B7 /* Debug */ = {
			isa = XCBuildConfiguration;
			buildSettings = {
				BUNDLE_LOADER = "$(TEST_HOST)";
				FRAMEWORK_SEARCH_PATHS = (
					"$(SDKROOT)/Developer/Library/Frameworks",
					"$(inherited)",
				);
				GCC_PREPROCESSOR_DEFINITIONS = (
					"DEBUG=1",
					"$(inherited)",
				);
				INFOPLIST_FILE = SampleProjectTests/Info.plist;
				LD_RUNPATH_SEARCH_PATHS = "$(inherited) @executable_path/Frameworks @loader_path/Frameworks";
				PRODUCT_NAME = "$(TARGET_NAME)";
				TEST_HOST = "$(BUILT_PRODUCTS_DIR)/SampleProject.app/SampleProject";
			};
			name = Debug;
		};
		B31A4E0B1AA74153001D56B7 /* Release */ = {
			isa = XCBuildConfiguration;
			buildSettings = {
				BUNDLE_LOADER = "$(TEST_HOST)";
				FRAMEWORK_SEARCH_PATHS = (
					"$(SDKROOT)/Developer/Library/Frameworks",
					"$(inherited)",
				);
				INFOPLIST_FILE = SampleProjectTests/Info.plist;
				LD_RUNPATH_SEARCH_PATHS = "$(inherited) @executable_path/Frameworks @loader_path/Frameworks";
				PRODUCT_NAME = "$(TARGET_NAME)";
				TEST_HOST = "$(BUILT_PRODUCTS_DIR)/SampleProject.app/SampleProject";
			};
			name = Release;
		};
/* End XCBuildConfiguration section */

/* Begin XCConfigurationList section */
		B31A4DDE1AA74153001D56B7 /* Build configuration list for PBXProject "SampleProject" */ = {
			isa = XCConfigurationList;
			buildConfigurations = (
				B31A4E041AA74153001D56B7 /* Debug */,
				B31A4E051AA74153001D56B7 /* Release */,
			);
			defaultConfigurationIsVisible = 0;
			defaultConfigurationName = Release;
		};
		B31A4E061AA74153001D56B7 /* Build configuration list for PBXNativeTarget "SampleProject" */ = {
			isa = XCConfigurationList;
			buildConfigurations = (
				B31A4E071AA74153001D56B7 /* Debug */,
				B31A4E081AA74153001D56B7 /* Release */,
			);
			defaultConfigurationIsVisible = 0;
		};
		B31A4E091AA74153001D56B7 /* Build configuration list for PBXNativeTarget "SampleProjectTests" */ = {
			isa = XCConfigurationList;
			buildConfigurations = (
				B31A4E0A1AA74153001D56B7 /* Debug */,
				B31A4E0B1AA74153001D56B7 /* Release */,
			);
			defaultConfigurationIsVisible = 0;
		};
/* End XCConfigurationList section */
	};
	rootObject = B31A4DDB1AA74153001D56B7 /* Project object */;
}
